
Microsoft Visual Studio Solution File, Format Version 12.00
# Visual Studio Version 16
VisualStudioVersion = 16.0.31105.61
MinimumVisualStudioVersion = 10.0.40219.1
Project("{9A19103F-16F7-4668-BE54-9A1E7A4F7556}") = "schoolproj", "schoolproj\schoolproj.csproj", "{8D9939DD-4339-4D0C-88F7-72765948EC70}"
EndProject
Global
	GlobalSection(SolutionConfigurationPlatforms) = preSolution
		Debug|Any CPU = Debug|Any CPU
		Release|Any CPU = Release|Any CPU
	EndGlobalSection
	GlobalSection(ProjectConfigurationPlatforms) = postSolution
		{8D9939DD-4339-4D0C-88F7-72765948EC70}.Debug|Any CPU.ActiveCfg = Debug|Any CPU
		{8D9939DD-4339-4D0C-88F7-72765948EC70}.Debug|Any CPU.Build.0 = Debug|Any CPU
		{8D9939DD-4339-4D0C-88F7-72765948EC70}.Release|Any CPU.ActiveCfg = Release|Any CPU
		{8D9939DD-4339-4D0C-88F7-72765948EC70}.Release|Any CPU.Build.0 = Release|Any CPU
	EndGlobalSection
	GlobalSection(SolutionProperties) = preSolution
		HideSolutionNode = FALSE
	EndGlobalSection
	GlobalSection(ExtensibilityGlobals) = postSolution
		SolutionGuid = {99BD1B0F-C53B-4762-8B60-6B871322F9E4}
	EndGlobalSection
EndGlobal
